
Microsoft Visual Studio Solution File, Format Version 12.00
# Visual Studio Version 16
VisualStudioVersion = 16.0.28922.388
MinimumVisualStudioVersion = 10.0.40219.1
Project("{FAE04EC0-301F-11D3-BF4B-00C04F79EFBC}") = "TicTacToe", "TicTacToe\TicTacToe.csproj", "{F79F8BD1-6280-4665-BA5E-EAB7F6F07A0C}"
EndProject
Global
	GlobalSection(SolutionConfigurationPlatforms) = preSolution
		Debug|Any CPU = Debug|Any CPU
		Release|Any CPU = Release|Any CPU
	EndGlobalSection
	GlobalSection(ProjectConfigurationPlatforms) = postSolution
		{F79F8BD1-6280-4665-BA5E-EAB7F6F07A0C}.Debug|Any CPU.ActiveCfg = Debug|Any CPU
		{F79F8BD1-6280-4665-BA5E-EAB7F6F07A0C}.Debug|Any CPU.Build.0 = Debug|Any CPU
		{F79F8BD1-6280-4665-BA5E-EAB7F6F07A0C}.Release|Any CPU.ActiveCfg = Release|Any CPU
		{F79F8BD1-6280-4665-BA5E-EAB7F6F07A0C}.Release|Any CPU.Build.0 = Release|Any CPU
	EndGlobalSection
	GlobalSection(SolutionProperties) = preSolution
		HideSolutionNode = FALSE
	EndGlobalSection
	GlobalSection(ExtensibilityGlobals) = postSolution
		SolutionGuid = {6EBAFE1C-A7BF-4FCC-90E4-54DCCBE45D00}
	EndGlobalSection
EndGlobal
